
Microsoft Visual Studio Solution File, Format Version 12.00
# Visual Studio 15
VisualStudioVersion = 15.0.27428.2011
MinimumVisualStudioVersion = 10.0.40219.1
Project("{FAE04EC0-301F-11D3-BF4B-00C04F79EFBC}") = "B20_Ex02_02", "B20_Ex02_02\B20_Ex02_02.csproj", "{983A8F9D-6B92-4566-BBFF-5335EBDF46EF}"
EndProject
Global
	GlobalSection(SolutionConfigurationPlatforms) = preSolution
		Debug|Any CPU = Debug|Any CPU
		Release|Any CPU = Release|Any CPU
	EndGlobalSection
	GlobalSection(ProjectConfigurationPlatforms) = postSolution
		{983A8F9D-6B92-4566-BBFF-5335EBDF46EF}.Debug|Any CPU.ActiveCfg = Debug|Any CPU
		{983A8F9D-6B92-4566-BBFF-5335EBDF46EF}.Debug|Any CPU.Build.0 = Debug|Any CPU
		{983A8F9D-6B92-4566-BBFF-5335EBDF46EF}.Release|Any CPU.ActiveCfg = Release|Any CPU
		{983A8F9D-6B92-4566-BBFF-5335EBDF46EF}.Release|Any CPU.Build.0 = Release|Any CPU
	EndGlobalSection
	GlobalSection(SolutionProperties) = preSolution
		HideSolutionNode = FALSE
	EndGlobalSection
	GlobalSection(ExtensibilityGlobals) = postSolution
		SolutionGuid = {2B92A03B-E5B6-4C00-A3FD-75C2A158A35A}
	EndGlobalSection
EndGlobal
